
Microsoft Visual Studio Solution File, Format Version 11.00
# Visual Studio 2010
Project("{FAE04EC0-301F-11D3-BF4B-00C04F79EFBC}") = "Assembly-CSharp", "Assembly-CSharp.csproj", "{3BADD404-AF77-323F-C016-B930F30EF573}"
EndProject
Project("{FAE04EC0-301F-11D3-BF4B-00C04F79EFBC}") = "Assembly-CSharp-Editor", "Assembly-CSharp-Editor.csproj", "{6CB248C9-77D2-7FBF-68ED-838ECE0DCDEC}"
EndProject
Global
	GlobalSection(SolutionConfigurationPlatforms) = preSolution
		Debug|Any CPU = Debug|Any CPU
		Release|Any CPU = Release|Any CPU
	EndGlobalSection
	GlobalSection(ProjectConfigurationPlatforms) = postSolution
		{3BADD404-AF77-323F-C016-B930F30EF573}.Debug|Any CPU.ActiveCfg = Debug|Any CPU
		{3BADD404-AF77-323F-C016-B930F30EF573}.Debug|Any CPU.Build.0 = Debug|Any CPU
		{3BADD404-AF77-323F-C016-B930F30EF573}.Release|Any CPU.ActiveCfg = Release|Any CPU
		{3BADD404-AF77-323F-C016-B930F30EF573}.Release|Any CPU.Build.0 = Release|Any CPU
		{6CB248C9-77D2-7FBF-68ED-838ECE0DCDEC}.Debug|Any CPU.ActiveCfg = Debug|Any CPU
		{6CB248C9-77D2-7FBF-68ED-838ECE0DCDEC}.Debug|Any CPU.Build.0 = Debug|Any CPU
		{6CB248C9-77D2-7FBF-68ED-838ECE0DCDEC}.Release|Any CPU.ActiveCfg = Release|Any CPU
		{6CB248C9-77D2-7FBF-68ED-838ECE0DCDEC}.Release|Any CPU.Build.0 = Release|Any CPU
	EndGlobalSection
	GlobalSection(SolutionProperties) = preSolution
		HideSolutionNode = FALSE
	EndGlobalSection
	GlobalSection(MonoDevelopProperties) = preSolution
		StartupItem = Assembly-CSharp.csproj
	EndGlobalSection
EndGlobal
